PODS:
  - AppSpectorSDK (1.2.9)
  - FBSnapshotTestCase (2.1.4):
    - FBSnapshotTestCase/SwiftSupport (= 2.1.4)
  - FBSnapshotTestCase/Core (2.1.4)
  - FBSnapshotTestCase/SwiftSupport (2.1.4):
    - FBSnapshotTestCase/Core
  - Nimble (7.3.4)
  - Nimble-Snapshots (6.3.0):
    - Nimble-Snapshots/Core (= 6.3.0)
  - Nimble-Snapshots/Core (6.3.0):
    - FBSnapshotTestCase (~> 2.0)
    - Nimble (~> 7.0)
  - Quick (1.2.0)
  - TUSKit (2.0.2.alpha)

DEPENDENCIES:
  - AppSpectorSDK
  - FBSnapshotTestCase (~> 2.1.4)
  - Nimble (~> 7.0)
  - Nimble-Snapshots (~> 6.3.0)
  - Quick (~> 1.2.0)
  - TUSKit (from `../`)

SPEC REPOS:
  trunk:
    - AppSpectorSDK
    - FBSnapshotTestCase
    - Nimble
    - Nimble-Snapshots
    - Quick

EXTERNAL SOURCES:
  TUSKit:
    :path: "../"

SPEC CHECKSUMS:
  AppSpectorSDK: 7e24097809d39d868e9ecdc76377fd519ac95aa6
  FBSnapshotTestCase: 094f9f314decbabe373b87cc339bea235a63e07a
  Nimble: 051e3d8912d40138fa5591c78594f95fb172af37
  Nimble-Snapshots: f5459b5b091678dc942d03ec4741cacb58ba4a52
  Quick: 58d203b1c5e27fff7229c4c1ae445ad7069a7a08
  TUSKit: 3d3293ef5576cacc4264b6ccf11e695a6cd5fda2

PODFILE CHECKSUM: 572a5d87651b95d2aa1ecdf921075dfd78b37d95

COCOAPODS: 1.9.1
