// !$*UTF8*$!
{
	archiveVersion = 1;
	classes = {
	};
	objectVersion = 46;
	objects = {

/* Begin PBXAggregateTarget section */
		BCFEFDB517296368001D2980 /* TUSKit-Framework */ = {
			isa = PBXAggregateTarget;
			buildConfigurationList = BCFEFDB617296368001D2980 /* Build configuration list for PBXAggregateTarget "TUSKit-Framework" */;
			buildPhases = (
				BCFEFDB91729637F001D2980 /* BuildFramework */,
			);
			dependencies = (
				BCFEFDBB17296397001D2980 /* PBXTargetDependency */,
			);
			name = "TUSKit-Framework";
			productName = "TUSKit-Framework";
		};
/* End PBXAggregateTarget section */

/* Begin PBXBuildFile section */
		BC5697D9172981470091669D /* AssetsLibrary.framework in Frameworks */ = {isa = PBXBuildFile; fileRef = BC5697D7172981400091669D /* AssetsLibrary.framework */; };
		BC9CC7D7172BDCDA00E66815 /* SenTestingKit.framework in Frameworks */ = {isa = PBXBuildFile; fileRef = BC9CC7D6172BDCDA00E66815 /* SenTestingKit.framework */; };
		BC9CC7D9172BDCDA00E66815 /* UIKit.framework in Frameworks */ = {isa = PBXBuildFile; fileRef = BC9CC7D8172BDCDA00E66815 /* UIKit.framework */; };
		BC9CC7DA172BDCDA00E66815 /* Foundation.framework in Frameworks */ = {isa = PBXBuildFile; fileRef = BCD7B9C11729584800D0E151 /* Foundation.framework */; };
		BC9CC7E0172BDCDA00E66815 /* InfoPlist.strings in Resources */ = {isa = PBXBuildFile; fileRef = BC9CC7DE172BDCDA00E66815 /* InfoPlist.strings */; };
		BC9CC7E3172BDCDA00E66815 /* TUSKit_Tests.m in Sources */ = {isa = PBXBuildFile; fileRef = BC9CC7E2172BDCDA00E66815 /* TUSKit_Tests.m */; };
		BC9CC7E9172BDD6000E66815 /* libTUSKit.a in Frameworks */ = {isa = PBXBuildFile; fileRef = BCD7B9BE1729584800D0E151 /* libTUSKit.a */; };
		BCD7B9C21729584800D0E151 /* Foundation.framework in Frameworks */ = {isa = PBXBuildFile; fileRef = BCD7B9C11729584800D0E151 /* Foundation.framework */; };
		BCD7B9C71729584800D0E151 /* TUSKit.h in CopyFiles */ = {isa = PBXBuildFile; fileRef = BCD7B9C61729584800D0E151 /* TUSKit.h */; };
		BCFEFDAC1729606B001D2980 /* TUSAssetData.m in Sources */ = {isa = PBXBuildFile; fileRef = BCFEFDA61729606B001D2980 /* TUSAssetData.m */; };
		BCFEFDAD1729606B001D2980 /* TUSData.m in Sources */ = {isa = PBXBuildFile; fileRef = BCFEFDA81729606B001D2980 /* TUSData.m */; };
		BCFEFDAE1729606B001D2980 /* TUSResumableUpload.m in Sources */ = {isa = PBXBuildFile; fileRef = BCFEFDAA1729606B001D2980 /* TUSResumableUpload.m */; };
		BCFEFDB217296189001D2980 /* TUSAssetData.h in CopyFiles */ = {isa = PBXBuildFile; fileRef = BCFEFDA51729606B001D2980 /* TUSAssetData.h */; };
		BCFEFDB317296189001D2980 /* TUSData.h in CopyFiles */ = {isa = PBXBuildFile; fileRef = BCFEFDA71729606B001D2980 /* TUSData.h */; };
		BCFEFDB417296189001D2980 /* TUSResumableUpload.h in CopyFiles */ = {isa = PBXBuildFile; fileRef = BCFEFDA91729606B001D2980 /* TUSResumableUpload.h */; };
/* End PBXBuildFile section */

/* Begin PBXContainerItemProxy section */
		BCFEFDBA17296397001D2980 /* PBXContainerItemProxy */ = {
			isa = PBXContainerItemProxy;
			containerPortal = BCD7B9B61729584800D0E151 /* Project object */;
			proxyType = 1;
			remoteGlobalIDString = BCD7B9BD1729584800D0E151;
			remoteInfo = "TUSKit-Library";
		};
/* End PBXContainerItemProxy section */

/* Begin PBXCopyFilesBuildPhase section */
		BCD7B9BC1729584800D0E151 /* CopyFiles */ = {
			isa = PBXCopyFilesBuildPhase;
			buildActionMask = 2147483647;
			dstPath = "include/${PRODUCT_NAME}";
			dstSubfolderSpec = 16;
			files = (
				BCFEFDB217296189001D2980 /* TUSAssetData.h in CopyFiles */,
				BCFEFDB317296189001D2980 /* TUSData.h in CopyFiles */,
				BCFEFDB417296189001D2980 /* TUSResumableUpload.h in CopyFiles */,
				BCD7B9C71729584800D0E151 /* TUSKit.h in CopyFiles */,
			);
			runOnlyForDeploymentPostprocessing = 0;
		};
/* End PBXCopyFilesBuildPhase section */

/* Begin PBXFileReference section */
		BC5697D7172981400091669D /* AssetsLibrary.framework */ = {isa = PBXFileReference; lastKnownFileType = wrapper.framework; name = AssetsLibrary.framework; path = System/Library/Frameworks/AssetsLibrary.framework; sourceTree = SDKROOT; };
		BC9CC7D5172BDCDA00E66815 /* TUSKit-Tests.octest */ = {isa = PBXFileReference; explicitFileType = wrapper.cfbundle; includeInIndex = 0; path = "TUSKit-Tests.octest"; sourceTree = BUILT_PRODUCTS_DIR; };
		BC9CC7D6172BDCDA00E66815 /* SenTestingKit.framework */ = {isa = PBXFileReference; lastKnownFileType = wrapper.framework; name = SenTestingKit.framework; path = Library/Frameworks/SenTestingKit.framework; sourceTree = DEVELOPER_DIR; };
		BC9CC7D8172BDCDA00E66815 /* UIKit.framework */ = {isa = PBXFileReference; lastKnownFileType = wrapper.framework; name = UIKit.framework; path = Library/Frameworks/UIKit.framework; sourceTree = DEVELOPER_DIR; };
		BC9CC7DD172BDCDA00E66815 /* TUSKit-Tests-Info.plist */ = {isa = PBXFileReference; lastKnownFileType = text.plist.xml; path = "TUSKit-Tests-Info.plist"; sourceTree = "<group>"; };
		BC9CC7DF172BDCDA00E66815 /* en */ = {isa = PBXFileReference; lastKnownFileType = text.plist.strings; name = en; path = en.lproj/InfoPlist.strings; sourceTree = "<group>"; };
		BC9CC7E1172BDCDA00E66815 /* TUSKit_Tests.h */ = {isa = PBXFileReference; lastKnownFileType = sourcecode.c.h; path = TUSKit_Tests.h; sourceTree = "<group>"; };
		BC9CC7E2172BDCDA00E66815 /* TUSKit_Tests.m */ = {isa = PBXFileReference; lastKnownFileType = sourcecode.c.objc; path = TUSKit_Tests.m; sourceTree = "<group>"; };
		BC9CC7E4172BDCDA00E66815 /* TUSKit-Tests-Prefix.pch */ = {isa = PBXFileReference; lastKnownFileType = sourcecode.c.h; path = "TUSKit-Tests-Prefix.pch"; sourceTree = "<group>"; };
		BCD7B9BE1729584800D0E151 /* libTUSKit.a */ = {isa = PBXFileReference; explicitFileType = archive.ar; includeInIndex = 0; path = libTUSKit.a; sourceTree = BUILT_PRODUCTS_DIR; };
		BCD7B9C11729584800D0E151 /* Foundation.framework */ = {isa = PBXFileReference; lastKnownFileType = wrapper.framework; name = Foundation.framework; path = System/Library/Frameworks/Foundation.framework; sourceTree = SDKROOT; };
		BCD7B9C51729584800D0E151 /* TUSKit-Prefix.pch */ = {isa = PBXFileReference; lastKnownFileType = sourcecode.c.h; path = "TUSKit-Prefix.pch"; sourceTree = "<group>"; };
		BCD7B9C61729584800D0E151 /* TUSKit.h */ = {isa = PBXFileReference; lastKnownFileType = sourcecode.c.h; path = TUSKit.h; sourceTree = "<group>"; };
		BCFEFDA51729606B001D2980 /* TUSAssetData.h */ = {isa = PBXFileReference; fileEncoding = 4; lastKnownFileType = sourcecode.c.h; path = TUSAssetData.h; sourceTree = "<group>"; };
		BCFEFDA61729606B001D2980 /* TUSAssetData.m */ = {isa = PBXFileReference; fileEncoding = 4; lastKnownFileType = sourcecode.c.objc; path = TUSAssetData.m; sourceTree = "<group>"; };
		BCFEFDA71729606B001D2980 /* TUSData.h */ = {isa = PBXFileReference; fileEncoding = 4; lastKnownFileType = sourcecode.c.h; path = TUSData.h; sourceTree = "<group>"; };
		BCFEFDA81729606B001D2980 /* TUSData.m */ = {isa = PBXFileReference; fileEncoding = 4; lastKnownFileType = sourcecode.c.objc; path = TUSData.m; sourceTree = "<group>"; };
		BCFEFDA91729606B001D2980 /* TUSResumableUpload.h */ = {isa = PBXFileReference; fileEncoding = 4; lastKnownFileType = sourcecode.c.h; path = TUSResumableUpload.h; sourceTree = "<group>"; };
		BCFEFDAA1729606B001D2980 /* TUSResumableUpload.m */ = {isa = PBXFileReference; fileEncoding = 4; lastKnownFileType = sourcecode.c.objc; path = TUSResumableUpload.m; sourceTree = "<group>"; };
		BCFEFDAF17296074001D2980 /* TUSKit.xcconfig */ = {isa = PBXFileReference; lastKnownFileType = text.xcconfig; path = TUSKit.xcconfig; sourceTree = "<group>"; };
/* End PBXFileReference section */

/* Begin PBXFrameworksBuildPhase section */
		BC9CC7D1172BDCDA00E66815 /* Frameworks */ = {
			isa = PBXFrameworksBuildPhase;
			buildActionMask = 2147483647;
			files = (
				BC9CC7E9172BDD6000E66815 /* libTUSKit.a in Frameworks */,
				BC9CC7D7172BDCDA00E66815 /* SenTestingKit.framework in Frameworks */,
				BC9CC7D9172BDCDA00E66815 /* UIKit.framework in Frameworks */,
				BC9CC7DA172BDCDA00E66815 /* Foundation.framework in Frameworks */,
			);
			runOnlyForDeploymentPostprocessing = 0;
		};
		BCD7B9BB1729584800D0E151 /* Frameworks */ = {
			isa = PBXFrameworksBuildPhase;
			buildActionMask = 2147483647;
			files = (
				BCD7B9C21729584800D0E151 /* Foundation.framework in Frameworks */,
				BC5697D9172981470091669D /* AssetsLibrary.framework in Frameworks */,
			);
			runOnlyForDeploymentPostprocessing = 0;
		};
/* End PBXFrameworksBuildPhase section */

/* Begin PBXGroup section */
		BC9CC7DB172BDCDA00E66815 /* TUSKit-Tests */ = {
			isa = PBXGroup;
			children = (
				BC9CC7E1172BDCDA00E66815 /* TUSKit_Tests.h */,
				BC9CC7E2172BDCDA00E66815 /* TUSKit_Tests.m */,
				BC9CC7DC172BDCDA00E66815 /* Supporting Files */,
			);
			path = "TUSKit-Tests";
			sourceTree = "<group>";
		};
		BC9CC7DC172BDCDA00E66815 /* Supporting Files */ = {
			isa = PBXGroup;
			children = (
				BC9CC7DD172BDCDA00E66815 /* TUSKit-Tests-Info.plist */,
				BC9CC7DE172BDCDA00E66815 /* InfoPlist.strings */,
				BC9CC7E4172BDCDA00E66815 /* TUSKit-Tests-Prefix.pch */,
			);
			name = "Supporting Files";
			sourceTree = "<group>";
		};
		BCD7B9B51729584800D0E151 = {
			isa = PBXGroup;
			children = (
				BCD7B9C31729584800D0E151 /* TUSKit */,
				BC9CC7DB172BDCDA00E66815 /* TUSKit-Tests */,
				BCD7B9C01729584800D0E151 /* Frameworks */,
				BCD7B9BF1729584800D0E151 /* Products */,
			);
			sourceTree = "<group>";
		};
		BCD7B9BF1729584800D0E151 /* Products */ = {
			isa = PBXGroup;
			children = (
				BCD7B9BE1729584800D0E151 /* libTUSKit.a */,
				BC9CC7D5172BDCDA00E66815 /* TUSKit-Tests.octest */,
			);
			name = Products;
			sourceTree = "<group>";
		};
		BCD7B9C01729584800D0E151 /* Frameworks */ = {
			isa = PBXGroup;
			children = (
				BCD7B9C11729584800D0E151 /* Foundation.framework */,
				BC5697D7172981400091669D /* AssetsLibrary.framework */,
				BC9CC7D6172BDCDA00E66815 /* SenTestingKit.framework */,
				BC9CC7D8172BDCDA00E66815 /* UIKit.framework */,
			);
			name = Frameworks;
			sourceTree = "<group>";
		};
		BCD7B9C31729584800D0E151 /* TUSKit */ = {
			isa = PBXGroup;
			children = (
				BCD7B9C61729584800D0E151 /* TUSKit.h */,
				BCFEFDA91729606B001D2980 /* TUSResumableUpload.h */,
				BCFEFDAA1729606B001D2980 /* TUSResumableUpload.m */,
				BCFEFDA71729606B001D2980 /* TUSData.h */,
				BCFEFDA81729606B001D2980 /* TUSData.m */,
				BCFEFDA51729606B001D2980 /* TUSAssetData.h */,
				BCFEFDA61729606B001D2980 /* TUSAssetData.m */,
				BCD7B9C41729584800D0E151 /* Supporting Files */,
			);
			path = TUSKit;
			sourceTree = "<group>";
		};
		BCD7B9C41729584800D0E151 /* Supporting Files */ = {
			isa = PBXGroup;
			children = (
				BCFEFDAF17296074001D2980 /* TUSKit.xcconfig */,
				BCD7B9C51729584800D0E151 /* TUSKit-Prefix.pch */,
			);
			name = "Supporting Files";
			sourceTree = "<group>";
		};
/* End PBXGroup section */

/* Begin PBXNativeTarget section */
		BC9CC7D4172BDCDA00E66815 /* TUSKit-Tests */ = {
			isa = PBXNativeTarget;
			buildConfigurationList = BC9CC7E7172BDCDA00E66815 /* Build configuration list for PBXNativeTarget "TUSKit-Tests" */;
			buildPhases = (
				BC9CC7D0172BDCDA00E66815 /* Sources */,
				BC9CC7D1172BDCDA00E66815 /* Frameworks */,
				BC9CC7D2172BDCDA00E66815 /* Resources */,
				BC9CC7D3172BDCDA00E66815 /* ShellScript */,
			);
			buildRules = (
			);
			dependencies = (
			);
			name = "TUSKit-Tests";
			productName = "TUSKit-Tests";
			productReference = BC9CC7D5172BDCDA00E66815 /* TUSKit-Tests.octest */;
			productType = "com.apple.product-type.bundle";
		};
		BCD7B9BD1729584800D0E151 /* TUSKit-Library */ = {
			isa = PBXNativeTarget;
			buildConfigurationList = BCD7B9CC1729584800D0E151 /* Build configuration list for PBXNativeTarget "TUSKit-Library" */;
			buildPhases = (
				BCD7B9BA1729584800D0E151 /* Sources */,
				BCD7B9BB1729584800D0E151 /* Frameworks */,
				BCD7B9BC1729584800D0E151 /* CopyFiles */,
				BCFEFDB017296095001D2980 /* PrepareFramework */,
			);
			buildRules = (
			);
			dependencies = (
			);
			name = "TUSKit-Library";
			productName = TUSKit;
			productReference = BCD7B9BE1729584800D0E151 /* libTUSKit.a */;
			productType = "com.apple.product-type.library.static";
		};
/* End PBXNativeTarget section */

/* Begin PBXProject section */
		BCD7B9B61729584800D0E151 /* Project object */ = {
			isa = PBXProject;
			attributes = {
				CLASSPREFIX = TUS;
				LastUpgradeCheck = 0460;
				ORGANIZATIONNAME = "Transloadit Ltd";
			};
			buildConfigurationList = BCD7B9B91729584800D0E151 /* Build configuration list for PBXProject "TUSKit" */;
			compatibilityVersion = "Xcode 3.2";
			developmentRegion = English;
			hasScannedForEncodings = 0;
			knownRegions = (
				en,
			);
			mainGroup = BCD7B9B51729584800D0E151;
			productRefGroup = BCD7B9BF1729584800D0E151 /* Products */;
			projectDirPath = "";
			projectRoot = "";
			targets = (
				BCD7B9BD1729584800D0E151 /* TUSKit-Library */,
				BCFEFDB517296368001D2980 /* TUSKit-Framework */,
				BC9CC7D4172BDCDA00E66815 /* TUSKit-Tests */,
			);
		};
/* End PBXProject section */

/* Begin PBXResourcesBuildPhase section */
		BC9CC7D2172BDCDA00E66815 /* Resources */ = {
			isa = PBXResourcesBuildPhase;
			buildActionMask = 2147483647;
			files = (
				BC9CC7E0172BDCDA00E66815 /* InfoPlist.strings in Resources */,
			);
			runOnlyForDeploymentPostprocessing = 0;
		};
/* End PBXResourcesBuildPhase section */

/* Begin PBXShellScriptBuildPhase section */
		BC9CC7D3172BDCDA00E66815 /* ShellScript */ = {
			isa = PBXShellScriptBuildPhase;
			buildActionMask = 2147483647;
			files = (
			);
			inputPaths = (
			);
			outputPaths = (
			);
			runOnlyForDeploymentPostprocessing = 0;
			shellPath = /bin/sh;
			shellScript = "# Run the unit tests in this test bundle.\n\"${SYSTEM_DEVELOPER_DIR}/Tools/RunUnitTests\"\n";
		};
		BCFEFDB017296095001D2980 /* PrepareFramework */ = {
			isa = PBXShellScriptBuildPhase;
			buildActionMask = 2147483647;
			files = (
			);
			inputPaths = (
			);
			name = PrepareFramework;
			outputPaths = (
			);
			runOnlyForDeploymentPostprocessing = 0;
			shellPath = /bin/sh;
			shellScript = $SRCROOT/../Xcode/PrepareFramework.sh;
			showEnvVarsInLog = 0;
		};
		BCFEFDB91729637F001D2980 /* BuildFramework */ = {
			isa = PBXShellScriptBuildPhase;
			buildActionMask = 2147483647;
			files = (
			);
			inputPaths = (
			);
			name = BuildFramework;
			outputPaths = (
			);
			runOnlyForDeploymentPostprocessing = 0;
			shellPath = /bin/sh;
			shellScript = $SRCROOT/../Xcode/BuildFramework.sh;
			showEnvVarsInLog = 0;
		};
/* End PBXShellScriptBuildPhase section */

/* Begin PBXSourcesBuildPhase section */
		BC9CC7D0172BDCDA00E66815 /* Sources */ = {
			isa = PBXSourcesBuildPhase;
			buildActionMask = 2147483647;
			files = (
				BC9CC7E3172BDCDA00E66815 /* TUSKit_Tests.m in Sources */,
			);
			runOnlyForDeploymentPostprocessing = 0;
		};
		BCD7B9BA1729584800D0E151 /* Sources */ = {
			isa = PBXSourcesBuildPhase;
			buildActionMask = 2147483647;
			files = (
				BCFEFDAC1729606B001D2980 /* TUSAssetData.m in Sources */,
				BCFEFDAD1729606B001D2980 /* TUSData.m in Sources */,
				BCFEFDAE1729606B001D2980 /* TUSResumableUpload.m in Sources */,
			);
			runOnlyForDeploymentPostprocessing = 0;
		};
/* End PBXSourcesBuildPhase section */

/* Begin PBXTargetDependency section */
		BCFEFDBB17296397001D2980 /* PBXTargetDependency */ = {
			isa = PBXTargetDependency;
			target = BCD7B9BD1729584800D0E151 /* TUSKit-Library */;
			targetProxy = BCFEFDBA17296397001D2980 /* PBXContainerItemProxy */;
		};
/* End PBXTargetDependency section */

/* Begin PBXVariantGroup section */
		BC9CC7DE172BDCDA00E66815 /* InfoPlist.strings */ = {
			isa = PBXVariantGroup;
			children = (
				BC9CC7DF172BDCDA00E66815 /* en */,
			);
			name = InfoPlist.strings;
			sourceTree = "<group>";
		};
/* End PBXVariantGroup section */

/* Begin XCBuildConfiguration section */
		BC9CC7E5172BDCDA00E66815 /* Debug */ = {
			isa = XCBuildConfiguration;
			buildSettings = {
				FRAMEWORK_SEARCH_PATHS = (
					"\"$(SDKROOT)/Developer/Library/Frameworks\"",
					"\"$(DEVELOPER_LIBRARY_DIR)/Frameworks\"",
				);
				GCC_PRECOMPILE_PREFIX_HEADER = YES;
				GCC_PREFIX_HEADER = "TUSKit-Tests/TUSKit-Tests-Prefix.pch";
				INFOPLIST_FILE = "TUSKit-Tests/TUSKit-Tests-Info.plist";
				PRODUCT_NAME = "$(TARGET_NAME)";
				WRAPPER_EXTENSION = octest;
			};
			name = Debug;
		};
		BC9CC7E6172BDCDA00E66815 /* Release */ = {
			isa = XCBuildConfiguration;
			buildSettings = {
				FRAMEWORK_SEARCH_PATHS = (
					"\"$(SDKROOT)/Developer/Library/Frameworks\"",
					"\"$(DEVELOPER_LIBRARY_DIR)/Frameworks\"",
				);
				GCC_PRECOMPILE_PREFIX_HEADER = YES;
				GCC_PREFIX_HEADER = "TUSKit-Tests/TUSKit-Tests-Prefix.pch";
				INFOPLIST_FILE = "TUSKit-Tests/TUSKit-Tests-Info.plist";
				PRODUCT_NAME = "$(TARGET_NAME)";
				WRAPPER_EXTENSION = octest;
			};
			name = Release;
		};
		BCD7B9CA1729584800D0E151 /* Debug */ = {
			isa = XCBuildConfiguration;
			baseConfigurationReference = BCFEFDAF17296074001D2980 /* TUSKit.xcconfig */;
			buildSettings = {
				ALWAYS_SEARCH_USER_PATHS = NO;
				CLANG_CXX_LANGUAGE_STANDARD = "gnu++0x";
				CLANG_CXX_LIBRARY = "libc++";
				CLANG_ENABLE_OBJC_ARC = YES;
				CLANG_WARN_CONSTANT_CONVERSION = YES;
				CLANG_WARN_EMPTY_BODY = YES;
				CLANG_WARN_ENUM_CONVERSION = YES;
				CLANG_WARN_INT_CONVERSION = YES;
				CLANG_WARN__DUPLICATE_METHOD_MATCH = YES;
				COPY_PHASE_STRIP = NO;
				GCC_C_LANGUAGE_STANDARD = gnu99;
				GCC_DYNAMIC_NO_PIC = NO;
				GCC_OPTIMIZATION_LEVEL = 0;
				GCC_PREPROCESSOR_DEFINITIONS = (
					"DEBUG=1",
					"$(inherited)",
				);
				GCC_SYMBOLS_PRIVATE_EXTERN = NO;
				GCC_WARN_ABOUT_RETURN_TYPE = YES;
				GCC_WARN_UNINITIALIZED_AUTOS = YES;
				GCC_WARN_UNUSED_VARIABLE = YES;
				IPHONEOS_DEPLOYMENT_TARGET = 6.1;
				ONLY_ACTIVE_ARCH = YES;
				SDKROOT = iphoneos;
				VALID_ARCHS = "armv7 i386 armv7s";
			};
			name = Debug;
		};
		BCD7B9CB1729584800D0E151 /* Release */ = {
			isa = XCBuildConfiguration;
			baseConfigurationReference = BCFEFDAF17296074001D2980 /* TUSKit.xcconfig */;
			buildSettings = {
				ALWAYS_SEARCH_USER_PATHS = NO;
				CLANG_CXX_LANGUAGE_STANDARD = "gnu++0x";
				CLANG_CXX_LIBRARY = "libc++";
				CLANG_ENABLE_OBJC_ARC = YES;
				CLANG_WARN_CONSTANT_CONVERSION = YES;
				CLANG_WARN_EMPTY_BODY = YES;
				CLANG_WARN_ENUM_CONVERSION = YES;
				CLANG_WARN_INT_CONVERSION = YES;
				CLANG_WARN__DUPLICATE_METHOD_MATCH = YES;
				COPY_PHASE_STRIP = YES;
				GCC_C_LANGUAGE_STANDARD = gnu99;
				GCC_WARN_ABOUT_RETURN_TYPE = YES;
				GCC_WARN_UNINITIALIZED_AUTOS = YES;
				GCC_WARN_UNUSED_VARIABLE = YES;
				IPHONEOS_DEPLOYMENT_TARGET = 6.1;
				SDKROOT = iphoneos;
				VALIDATE_PRODUCT = YES;
				VALID_ARCHS = "armv7 i386 armv7s";
			};
			name = Release;
		};
		BCD7B9CD1729584800D0E151 /* Debug */ = {
			isa = XCBuildConfiguration;
			buildSettings = {
				GCC_PRECOMPILE_PREFIX_HEADER = YES;
				GCC_PREFIX_HEADER = "TUSKit/TUSKit-Prefix.pch";
				OTHER_LDFLAGS = "-ObjC";
				SKIP_INSTALL = YES;
				WARNING_CFLAGS = (
					"-Werror",
					"-Wall",
					"-Wextra",
					"-Wno-unused-parameter",
					"-Wno-arc-performSelector-leaks",
				);
			};
			name = Debug;
		};
		BCD7B9CE1729584800D0E151 /* Release */ = {
			isa = XCBuildConfiguration;
			buildSettings = {
				GCC_PRECOMPILE_PREFIX_HEADER = YES;
				GCC_PREFIX_HEADER = "TUSKit/TUSKit-Prefix.pch";
				OTHER_LDFLAGS = "-ObjC";
				SKIP_INSTALL = YES;
				WARNING_CFLAGS = (
					"-Werror",
					"-Wall",
					"-Wextra",
					"-Wno-unused-parameter",
					"-Wno-arc-performSelector-leaks",
				);
			};
			name = Release;
		};
		BCFEFDB717296368001D2980 /* Debug */ = {
			isa = XCBuildConfiguration;
			buildSettings = {
			};
			name = Debug;
		};
		BCFEFDB817296368001D2980 /* Release */ = {
			isa = XCBuildConfiguration;
			buildSettings = {
			};
			name = Release;
		};
/* End XCBuildConfiguration section */

/* Begin XCConfigurationList section */
		BC9CC7E7172BDCDA00E66815 /* Build configuration list for PBXNativeTarget "TUSKit-Tests" */ = {
			isa = XCConfigurationList;
			buildConfigurations = (
				BC9CC7E5172BDCDA00E66815 /* Debug */,
				BC9CC7E6172BDCDA00E66815 /* Release */,
			);
			defaultConfigurationIsVisible = 0;
			defaultConfigurationName = Release;
		};
		BCD7B9B91729584800D0E151 /* Build configuration list for PBXProject "TUSKit" */ = {
			isa = XCConfigurationList;
			buildConfigurations = (
				BCD7B9CA1729584800D0E151 /* Debug */,
				BCD7B9CB1729584800D0E151 /* Release */,
			);
			defaultConfigurationIsVisible = 0;
			defaultConfigurationName = Release;
		};
		BCD7B9CC1729584800D0E151 /* Build configuration list for PBXNativeTarget "TUSKit-Library" */ = {
			isa = XCConfigurationList;
			buildConfigurations = (
				BCD7B9CD1729584800D0E151 /* Debug */,
				BCD7B9CE1729584800D0E151 /* Release */,
			);
			defaultConfigurationIsVisible = 0;
			defaultConfigurationName = Release;
		};
		BCFEFDB617296368001D2980 /* Build configuration list for PBXAggregateTarget "TUSKit-Framework" */ = {
			isa = XCConfigurationList;
			buildConfigurations = (
				BCFEFDB717296368001D2980 /* Debug */,
				BCFEFDB817296368001D2980 /* Release */,
			);
			defaultConfigurationIsVisible = 0;
			defaultConfigurationName = Release;
		};
/* End XCConfigurationList section */
	};
	rootObject = BCD7B9B61729584800D0E151 /* Project object */;
}
