// !$*UTF8*$!
{
	archiveVersion = 1;
	classes = {
	};
	objectVersion = 46;
	objects = {

/* Begin PBXBuildFile section */
		23C826D3E7BF2961EDA63783 /* libPods-Tests.a in Frameworks */ = {isa = PBXBuildFile; fileRef = FF8166735401D785C86DF9B4 /* libPods-Tests.a */; };
		28C00B081ECD79F600430748 /* AppDelegate.m in Sources */ = {isa = PBXBuildFile; fileRef = 28C00B071ECD79F600430748 /* AppDelegate.m */; };
		28C00B0B1ECD79F600430748 /* main.m in Sources */ = {isa = PBXBuildFile; fileRef = 28C00B0A1ECD79F600430748 /* main.m */; };
		28C00B0E1ECD79F600430748 /* ViewController.m in Sources */ = {isa = PBXBuildFile; fileRef = 28C00B0D1ECD79F600430748 /* ViewController.m */; };
		28C00B101ECD79F600430748 /* Assets.xcassets in Resources */ = {isa = PBXBuildFile; fileRef = 28C00B0F1ECD79F600430748 /* Assets.xcassets */; };
		28C00B131ECD79F600430748 /* Main.storyboard in Resources */ = {isa = PBXBuildFile; fileRef = 28C00B111ECD79F600430748 /* Main.storyboard */; };
		28C00B1E1ECD79F600430748 /* TUSKit_MacOS_ExampleTests.m in Sources */ = {isa = PBXBuildFile; fileRef = 28C00B1D1ECD79F600430748 /* TUSKit_MacOS_ExampleTests.m */; };
		28C00B291ECD79F600430748 /* TUSKit_MacOS_ExampleUITests.m in Sources */ = {isa = PBXBuildFile; fileRef = 28C00B281ECD79F600430748 /* TUSKit_MacOS_ExampleUITests.m */; };
		6003F58E195388D20070C39A /* Foundation.framework in Frameworks */ = {isa = PBXBuildFile; fileRef = 6003F58D195388D20070C39A /* Foundation.framework */; };
		6003F590195388D20070C39A /* CoreGraphics.framework in Frameworks */ = {isa = PBXBuildFile; fileRef = 6003F58F195388D20070C39A /* CoreGraphics.framework */; };
		6003F592195388D20070C39A /* UIKit.framework in Frameworks */ = {isa = PBXBuildFile; fileRef = 6003F591195388D20070C39A /* UIKit.framework */; };
		6003F598195388D20070C39A /* InfoPlist.strings in Resources */ = {isa = PBXBuildFile; fileRef = 6003F596195388D20070C39A /* InfoPlist.strings */; };
		6003F59A195388D20070C39A /* main.m in Sources */ = {isa = PBXBuildFile; fileRef = 6003F599195388D20070C39A /* main.m */; };
		6003F59E195388D20070C39A /* TKAppDelegate.m in Sources */ = {isa = PBXBuildFile; fileRef = 6003F59D195388D20070C39A /* TKAppDelegate.m */; };
		6003F5A1195388D20070C39A /* Main_iPhone.storyboard in Resources */ = {isa = PBXBuildFile; fileRef = 6003F59F195388D20070C39A /* Main_iPhone.storyboard */; };
		6003F5A4195388D20070C39A /* Main_iPad.storyboard in Resources */ = {isa = PBXBuildFile; fileRef = 6003F5A2195388D20070C39A /* Main_iPad.storyboard */; };
		6003F5A7195388D20070C39A /* TKViewController.m in Sources */ = {isa = PBXBuildFile; fileRef = 6003F5A6195388D20070C39A /* TKViewController.m */; };
		6003F5A9195388D20070C39A /* Images.xcassets in Resources */ = {isa = PBXBuildFile; fileRef = 6003F5A8195388D20070C39A /* Images.xcassets */; };
		6003F5B0195388D20070C39A /* XCTest.framework in Frameworks */ = {isa = PBXBuildFile; fileRef = 6003F5AF195388D20070C39A /* XCTest.framework */; };
		6003F5B1195388D20070C39A /* Foundation.framework in Frameworks */ = {isa = PBXBuildFile; fileRef = 6003F58D195388D20070C39A /* Foundation.framework */; };
		6003F5B2195388D20070C39A /* UIKit.framework in Frameworks */ = {isa = PBXBuildFile; fileRef = 6003F591195388D20070C39A /* UIKit.framework */; };
		6003F5BA195388D20070C39A /* InfoPlist.strings in Resources */ = {isa = PBXBuildFile; fileRef = 6003F5B8195388D20070C39A /* InfoPlist.strings */; };
		6003F5BC195388D20070C39A /* Tests.m in Sources */ = {isa = PBXBuildFile; fileRef = 6003F5BB195388D20070C39A /* Tests.m */; };
		696B4FBCDC39DC19AC059E57 /* libPods-TUSKit_MacOS_Example.a in Frameworks */ = {isa = PBXBuildFile; fileRef = B2585C78D79329E8BD58CB2F /* libPods-TUSKit_MacOS_Example.a */; };
		7B94C563221576FE001E077E /* Launch Screen.storyboard in Resources */ = {isa = PBXBuildFile; fileRef = 7B94C562221576FE001E077E /* Launch Screen.storyboard */; };
		81A8CED36936361B31D51697 /* libPods-TUSKit.a in Frameworks */ = {isa = PBXBuildFile; fileRef = 94BE9E2097B840319C7576AD /* libPods-TUSKit.a */; };
/* End PBXBuildFile section */

/* Begin PBXContainerItemProxy section */
		28C00B1A1ECD79F600430748 /* PBXContainerItemProxy */ = {
			isa = PBXContainerItemProxy;
			containerPortal = 6003F582195388D10070C39A /* Project object */;
			proxyType = 1;
			remoteGlobalIDString = 28C00B031ECD79F600430748;
			remoteInfo = "TUSKit MacOS Example";
		};
		28C00B251ECD79F600430748 /* PBXContainerItemProxy */ = {
			isa = PBXContainerItemProxy;
			containerPortal = 6003F582195388D10070C39A /* Project object */;
			proxyType = 1;
			remoteGlobalIDString = 28C00B031ECD79F600430748;
			remoteInfo = "TUSKit MacOS Example";
		};
		6003F5B3195388D20070C39A /* PBXContainerItemProxy */ = {
			isa = PBXContainerItemProxy;
			containerPortal = 6003F582195388D10070C39A /* Project object */;
			proxyType = 1;
			remoteGlobalIDString = 6003F589195388D20070C39A;
			remoteInfo = TUSKit;
		};
/* End PBXContainerItemProxy section */

/* Begin PBXFileReference section */
		2198F7C3EFA4406DB60E9FD0 /* README.md */ = {isa = PBXFileReference; includeInIndex = 1; lastKnownFileType = net.daringfireball.markdown; name = README.md; path = ../README.md; sourceTree = "<group>"; };
		28C00B041ECD79F600430748 /* TUSKit_MacOS_Example.app */ = {isa = PBXFileReference; explicitFileType = wrapper.application; includeInIndex = 0; path = TUSKit_MacOS_Example.app; sourceTree = BUILT_PRODUCTS_DIR; };
		28C00B061ECD79F600430748 /* AppDelegate.h */ = {isa = PBXFileReference; lastKnownFileType = sourcecode.c.h; path = AppDelegate.h; sourceTree = "<group>"; };
		28C00B071ECD79F600430748 /* AppDelegate.m */ = {isa = PBXFileReference; lastKnownFileType = sourcecode.c.objc; path = AppDelegate.m; sourceTree = "<group>"; };
		28C00B0A1ECD79F600430748 /* main.m */ = {isa = PBXFileReference; lastKnownFileType = sourcecode.c.objc; path = main.m; sourceTree = "<group>"; };
		28C00B0C1ECD79F600430748 /* ViewController.h */ = {isa = PBXFileReference; lastKnownFileType = sourcecode.c.h; path = ViewController.h; sourceTree = "<group>"; };
		28C00B0D1ECD79F600430748 /* ViewController.m */ = {isa = PBXFileReference; lastKnownFileType = sourcecode.c.objc; path = ViewController.m; sourceTree = "<group>"; };
		28C00B0F1ECD79F600430748 /* Assets.xcassets */ = {isa = PBXFileReference; lastKnownFileType = folder.assetcatalog; path = Assets.xcassets; sourceTree = "<group>"; };
		28C00B121ECD79F600430748 /* Base */ = {isa = PBXFileReference; lastKnownFileType = file.storyboard; name = Base; path = Base.lproj/Main.storyboard; sourceTree = "<group>"; };
		28C00B141ECD79F600430748 /* Info.plist */ = {isa = PBXFileReference; lastKnownFileType = text.plist.xml; path = Info.plist; sourceTree = "<group>"; };
		28C00B191ECD79F600430748 /* TUSKit MacOS ExampleTests.xctest */ = {isa = PBXFileReference; explicitFileType = wrapper.cfbundle; includeInIndex = 0; path = "TUSKit MacOS ExampleTests.xctest"; sourceTree = BUILT_PRODUCTS_DIR; };
		28C00B1D1ECD79F600430748 /* TUSKit_MacOS_ExampleTests.m */ = {isa = PBXFileReference; lastKnownFileType = sourcecode.c.objc; path = TUSKit_MacOS_ExampleTests.m; sourceTree = "<group>"; };
		28C00B1F1ECD79F600430748 /* Info.plist */ = {isa = PBXFileReference; lastKnownFileType = text.plist.xml; path = Info.plist; sourceTree = "<group>"; };
		28C00B241ECD79F600430748 /* TUSKit MacOS ExampleUITests.xctest */ = {isa = PBXFileReference; explicitFileType = wrapper.cfbundle; includeInIndex = 0; path = "TUSKit MacOS ExampleUITests.xctest"; sourceTree = BUILT_PRODUCTS_DIR; };
		28C00B281ECD79F600430748 /* TUSKit_MacOS_ExampleUITests.m */ = {isa = PBXFileReference; lastKnownFileType = sourcecode.c.objc; path = TUSKit_MacOS_ExampleUITests.m; sourceTree = "<group>"; };
		28C00B2A1ECD79F600430748 /* Info.plist */ = {isa = PBXFileReference; lastKnownFileType = text.plist.xml; path = Info.plist; sourceTree = "<group>"; };
		46DA0321A6FC07F5A14B3946 /* Pods-TUSKit.debug.xcconfig */ = {isa = PBXFileReference; includeInIndex = 1; lastKnownFileType = text.xcconfig; name = "Pods-TUSKit.debug.xcconfig"; path = "Pods/Target Support Files/Pods-TUSKit/Pods-TUSKit.debug.xcconfig"; sourceTree = "<group>"; };
		544ABCA6686C6597A4CA55C6 /* Pods-Tests.debug.xcconfig */ = {isa = PBXFileReference; includeInIndex = 1; lastKnownFileType = text.xcconfig; name = "Pods-Tests.debug.xcconfig"; path = "Pods/Target Support Files/Pods-Tests/Pods-Tests.debug.xcconfig"; sourceTree = "<group>"; };
		6003F58A195388D20070C39A /* TUSKit.app */ = {isa = PBXFileReference; explicitFileType = wrapper.application; includeInIndex = 0; path = TUSKit.app; sourceTree = BUILT_PRODUCTS_DIR; };
		6003F58D195388D20070C39A /* Foundation.framework */ = {isa = PBXFileReference; lastKnownFileType = wrapper.framework; name = Foundation.framework; path = System/Library/Frameworks/Foundation.framework; sourceTree = SDKROOT; };
		6003F58F195388D20070C39A /* CoreGraphics.framework */ = {isa = PBXFileReference; lastKnownFileType = wrapper.framework; name = CoreGraphics.framework; path = System/Library/Frameworks/CoreGraphics.framework; sourceTree = SDKROOT; };
		6003F591195388D20070C39A /* UIKit.framework */ = {isa = PBXFileReference; lastKnownFileType = wrapper.framework; name = UIKit.framework; path = System/Library/Frameworks/UIKit.framework; sourceTree = SDKROOT; };
		6003F595195388D20070C39A /* TUSKit-Info.plist */ = {isa = PBXFileReference; lastKnownFileType = text.plist.xml; path = "TUSKit-Info.plist"; sourceTree = "<group>"; };
		6003F597195388D20070C39A /* en */ = {isa = PBXFileReference; lastKnownFileType = text.plist.strings; name = en; path = en.lproj/InfoPlist.strings; sourceTree = "<group>"; };
		6003F599195388D20070C39A /* main.m */ = {isa = PBXFileReference; lastKnownFileType = sourcecode.c.objc; path = main.m; sourceTree = "<group>"; };
		6003F59B195388D20070C39A /* TUSKit-Prefix.pch */ = {isa = PBXFileReference; lastKnownFileType = sourcecode.c.h; path = "TUSKit-Prefix.pch"; sourceTree = "<group>"; };
		6003F59C195388D20070C39A /* TKAppDelegate.h */ = {isa = PBXFileReference; lastKnownFileType = sourcecode.c.h; path = TKAppDelegate.h; sourceTree = "<group>"; };
		6003F59D195388D20070C39A /* TKAppDelegate.m */ = {isa = PBXFileReference; lastKnownFileType = sourcecode.c.objc; path = TKAppDelegate.m; sourceTree = "<group>"; };
		6003F5A0195388D20070C39A /* Base */ = {isa = PBXFileReference; lastKnownFileType = file.storyboard; name = Base; path = Base.lproj/Main_iPhone.storyboard; sourceTree = "<group>"; };
		6003F5A3195388D20070C39A /* Base */ = {isa = PBXFileReference; lastKnownFileType = file.storyboard; name = Base; path = Base.lproj/Main_iPad.storyboard; sourceTree = "<group>"; };
		6003F5A5195388D20070C39A /* TKViewController.h */ = {isa = PBXFileReference; lastKnownFileType = sourcecode.c.h; path = TKViewController.h; sourceTree = "<group>"; };
		6003F5A6195388D20070C39A /* TKViewController.m */ = {isa = PBXFileReference; lastKnownFileType = sourcecode.c.objc; path = TKViewController.m; sourceTree = "<group>"; };
		6003F5A8195388D20070C39A /* Images.xcassets */ = {isa = PBXFileReference; lastKnownFileType = folder.assetcatalog; path = Images.xcassets; sourceTree = "<group>"; };
		6003F5AE195388D20070C39A /* Tests.xctest */ = {isa = PBXFileReference; explicitFileType = wrapper.cfbundle; includeInIndex = 0; path = Tests.xctest; sourceTree = BUILT_PRODUCTS_DIR; };
		6003F5AF195388D20070C39A /* XCTest.framework */ = {isa = PBXFileReference; lastKnownFileType = wrapper.framework; name = XCTest.framework; path = Library/Frameworks/XCTest.framework; sourceTree = DEVELOPER_DIR; };
		6003F5B7195388D20070C39A /* Tests-Info.plist */ = {isa = PBXFileReference; lastKnownFileType = text.plist.xml; path = "Tests-Info.plist"; sourceTree = "<group>"; };
		6003F5B9195388D20070C39A /* en */ = {isa = PBXFileReference; lastKnownFileType = text.plist.strings; name = en; path = en.lproj/InfoPlist.strings; sourceTree = "<group>"; };
		6003F5BB195388D20070C39A /* Tests.m */ = {isa = PBXFileReference; lastKnownFileType = sourcecode.c.objc; path = Tests.m; sourceTree = "<group>"; };
		606FC2411953D9B200FFA9A0 /* Tests-Prefix.pch */ = {isa = PBXFileReference; lastKnownFileType = sourcecode.c.h; path = "Tests-Prefix.pch"; sourceTree = "<group>"; };
		7B94C562221576FE001E077E /* Launch Screen.storyboard */ = {isa = PBXFileReference; lastKnownFileType = file.storyboard; path = "Launch Screen.storyboard"; sourceTree = "<group>"; };
		94BE9E2097B840319C7576AD /* libPods-TUSKit.a */ = {isa = PBXFileReference; explicitFileType = archive.ar; includeInIndex = 0; path = "libPods-TUSKit.a"; sourceTree = BUILT_PRODUCTS_DIR; };
		97BA7FEA7A277EE9173FC532 /* Pods-TUSKit_MacOS_Example.release.xcconfig */ = {isa = PBXFileReference; includeInIndex = 1; lastKnownFileType = text.xcconfig; name = "Pods-TUSKit_MacOS_Example.release.xcconfig"; path = "Pods/Target Support Files/Pods-TUSKit_MacOS_Example/Pods-TUSKit_MacOS_Example.release.xcconfig"; sourceTree = "<group>"; };
		B154447F00BA422485024C03 /* LICENSE */ = {isa = PBXFileReference; includeInIndex = 1; lastKnownFileType = text; name = LICENSE; path = ../LICENSE; sourceTree = "<group>"; };
		B156087D9854F9F535819A05 /* Pods-Tests.release.xcconfig */ = {isa = PBXFileReference; includeInIndex = 1; lastKnownFileType = text.xcconfig; name = "Pods-Tests.release.xcconfig"; path = "Pods/Target Support Files/Pods-Tests/Pods-Tests.release.xcconfig"; sourceTree = "<group>"; };
		B2585C78D79329E8BD58CB2F /* libPods-TUSKit_MacOS_Example.a */ = {isa = PBXFileReference; explicitFileType = archive.ar; includeInIndex = 0; path = "libPods-TUSKit_MacOS_Example.a"; sourceTree = BUILT_PRODUCTS_DIR; };
		E4D528B07F809226971E7E48 /* Pods-TUSKit.release.xcconfig */ = {isa = PBXFileReference; includeInIndex = 1; lastKnownFileType = text.xcconfig; name = "Pods-TUSKit.release.xcconfig"; path = "Pods/Target Support Files/Pods-TUSKit/Pods-TUSKit.release.xcconfig"; sourceTree = "<group>"; };
		F4DC08B04A13457D8409F9B4 /* TUSKit.podspec */ = {isa = PBXFileReference; includeInIndex = 1; lastKnownFileType = text; name = TUSKit.podspec; path = ../TUSKit.podspec; sourceTree = "<group>"; };
		FC5575320A03013A99909793 /* Pods-TUSKit_MacOS_Example.debug.xcconfig */ = {isa = PBXFileReference; includeInIndex = 1; lastKnownFileType = text.xcconfig; name = "Pods-TUSKit_MacOS_Example.debug.xcconfig"; path = "Pods/Target Support Files/Pods-TUSKit_MacOS_Example/Pods-TUSKit_MacOS_Example.debug.xcconfig"; sourceTree = "<group>"; };
		FF8166735401D785C86DF9B4 /* libPods-Tests.a */ = {isa = PBXFileReference; explicitFileType = archive.ar; includeInIndex = 0; path = "libPods-Tests.a"; sourceTree = BUILT_PRODUCTS_DIR; };
/* End PBXFileReference section */

/* Begin PBXFrameworksBuildPhase section */
		28C00B011ECD79F600430748 /* Frameworks */ = {
			isa = PBXFrameworksBuildPhase;
			buildActionMask = 2147483647;
			files = (
				696B4FBCDC39DC19AC059E57 /* libPods-TUSKit_MacOS_Example.a in Frameworks */,
			);
			runOnlyForDeploymentPostprocessing = 0;
		};
		28C00B161ECD79F600430748 /* Frameworks */ = {
			isa = PBXFrameworksBuildPhase;
			buildActionMask = 2147483647;
			files = (
			);
			runOnlyForDeploymentPostprocessing = 0;
		};
		28C00B211ECD79F600430748 /* Frameworks */ = {
			isa = PBXFrameworksBuildPhase;
			buildActionMask = 2147483647;
			files = (
			);
			runOnlyForDeploymentPostprocessing = 0;
		};
		6003F587195388D20070C39A /* Frameworks */ = {
			isa = PBXFrameworksBuildPhase;
			buildActionMask = 2147483647;
			files = (
				6003F590195388D20070C39A /* CoreGraphics.framework in Frameworks */,
				6003F592195388D20070C39A /* UIKit.framework in Frameworks */,
				6003F58E195388D20070C39A /* Foundation.framework in Frameworks */,
				81A8CED36936361B31D51697 /* libPods-TUSKit.a in Frameworks */,
			);
			runOnlyForDeploymentPostprocessing = 0;
		};
		6003F5AB195388D20070C39A /* Frameworks */ = {
			isa = PBXFrameworksBuildPhase;
			buildActionMask = 2147483647;
			files = (
				6003F5B0195388D20070C39A /* XCTest.framework in Frameworks */,
				6003F5B2195388D20070C39A /* UIKit.framework in Frameworks */,
				6003F5B1195388D20070C39A /* Foundation.framework in Frameworks */,
				23C826D3E7BF2961EDA63783 /* libPods-Tests.a in Frameworks */,
			);
			runOnlyForDeploymentPostprocessing = 0;
		};
/* End PBXFrameworksBuildPhase section */

/* Begin PBXGroup section */
		26C8E7CB2F70A51B69B4AEB2 /* Pods */ = {
			isa = PBXGroup;
			children = (
				46DA0321A6FC07F5A14B3946 /* Pods-TUSKit.debug.xcconfig */,
				E4D528B07F809226971E7E48 /* Pods-TUSKit.release.xcconfig */,
				544ABCA6686C6597A4CA55C6 /* Pods-Tests.debug.xcconfig */,
				B156087D9854F9F535819A05 /* Pods-Tests.release.xcconfig */,
				FC5575320A03013A99909793 /* Pods-TUSKit_MacOS_Example.debug.xcconfig */,
				97BA7FEA7A277EE9173FC532 /* Pods-TUSKit_MacOS_Example.release.xcconfig */,
			);
			name = Pods;
			sourceTree = "<group>";
		};
		28C00B051ECD79F600430748 /* TUSKit MacOS Example */ = {
			isa = PBXGroup;
			children = (
				28C00B061ECD79F600430748 /* AppDelegate.h */,
				28C00B071ECD79F600430748 /* AppDelegate.m */,
				28C00B0C1ECD79F600430748 /* ViewController.h */,
				28C00B0D1ECD79F600430748 /* ViewController.m */,
				28C00B0F1ECD79F600430748 /* Assets.xcassets */,
				28C00B111ECD79F600430748 /* Main.storyboard */,
				28C00B141ECD79F600430748 /* Info.plist */,
				28C00B091ECD79F600430748 /* Supporting Files */,
			);
			path = "TUSKit MacOS Example";
			sourceTree = "<group>";
		};
		28C00B091ECD79F600430748 /* Supporting Files */ = {
			isa = PBXGroup;
			children = (
				28C00B0A1ECD79F600430748 /* main.m */,
			);
			name = "Supporting Files";
			sourceTree = "<group>";
		};
		28C00B1C1ECD79F600430748 /* TUSKit MacOS ExampleTests */ = {
			isa = PBXGroup;
			children = (
				28C00B1D1ECD79F600430748 /* TUSKit_MacOS_ExampleTests.m */,
				28C00B1F1ECD79F600430748 /* Info.plist */,
			);
			path = "TUSKit MacOS ExampleTests";
			sourceTree = "<group>";
		};
		28C00B271ECD79F600430748 /* TUSKit MacOS ExampleUITests */ = {
			isa = PBXGroup;
			children = (
				28C00B281ECD79F600430748 /* TUSKit_MacOS_ExampleUITests.m */,
				28C00B2A1ECD79F600430748 /* Info.plist */,
			);
			path = "TUSKit MacOS ExampleUITests";
			sourceTree = "<group>";
		};
		6003F581195388D10070C39A = {
			isa = PBXGroup;
			children = (
				60FF7A9C1954A5C5007DD14C /* Podspec Metadata */,
				6003F593195388D20070C39A /* TUSKit */,
				6003F5B5195388D20070C39A /* Tests */,
				28C00B051ECD79F600430748 /* TUSKit MacOS Example */,
				28C00B1C1ECD79F600430748 /* TUSKit MacOS ExampleTests */,
				28C00B271ECD79F600430748 /* TUSKit MacOS ExampleUITests */,
				6003F58C195388D20070C39A /* Frameworks */,
				6003F58B195388D20070C39A /* Products */,
				26C8E7CB2F70A51B69B4AEB2 /* Pods */,
			);
			sourceTree = "<group>";
		};
		6003F58B195388D20070C39A /* Products */ = {
			isa = PBXGroup;
			children = (
				6003F58A195388D20070C39A /* TUSKit.app */,
				6003F5AE195388D20070C39A /* Tests.xctest */,
				28C00B041ECD79F600430748 /* TUSKit_MacOS_Example.app */,
				28C00B191ECD79F600430748 /* TUSKit MacOS ExampleTests.xctest */,
				28C00B241ECD79F600430748 /* TUSKit MacOS ExampleUITests.xctest */,
			);
			name = Products;
			sourceTree = "<group>";
		};
		6003F58C195388D20070C39A /* Frameworks */ = {
			isa = PBXGroup;
			children = (
				6003F58D195388D20070C39A /* Foundation.framework */,
				6003F58F195388D20070C39A /* CoreGraphics.framework */,
				6003F591195388D20070C39A /* UIKit.framework */,
				6003F5AF195388D20070C39A /* XCTest.framework */,
				94BE9E2097B840319C7576AD /* libPods-TUSKit.a */,
				FF8166735401D785C86DF9B4 /* libPods-Tests.a */,
				B2585C78D79329E8BD58CB2F /* libPods-TUSKit_MacOS_Example.a */,
			);
			name = Frameworks;
			sourceTree = "<group>";
		};
		6003F593195388D20070C39A /* TUSKit */ = {
			isa = PBXGroup;
			children = (
				6003F59C195388D20070C39A /* TKAppDelegate.h */,
				6003F59D195388D20070C39A /* TKAppDelegate.m */,
				6003F59F195388D20070C39A /* Main_iPhone.storyboard */,
				6003F5A2195388D20070C39A /* Main_iPad.storyboard */,
				7B94C562221576FE001E077E /* Launch Screen.storyboard */,
				6003F5A5195388D20070C39A /* TKViewController.h */,
				6003F5A6195388D20070C39A /* TKViewController.m */,
				6003F5A8195388D20070C39A /* Images.xcassets */,
				6003F594195388D20070C39A /* Supporting Files */,
			);
			path = TUSKit;
			sourceTree = "<group>";
		};
		6003F594195388D20070C39A /* Supporting Files */ = {
			isa = PBXGroup;
			children = (
				6003F595195388D20070C39A /* TUSKit-Info.plist */,
				6003F596195388D20070C39A /* InfoPlist.strings */,
				6003F599195388D20070C39A /* main.m */,
				6003F59B195388D20070C39A /* TUSKit-Prefix.pch */,
			);
			name = "Supporting Files";
			sourceTree = "<group>";
		};
		6003F5B5195388D20070C39A /* Tests */ = {
			isa = PBXGroup;
			children = (
				6003F5BB195388D20070C39A /* Tests.m */,
				6003F5B6195388D20070C39A /* Supporting Files */,
			);
			path = Tests;
			sourceTree = "<group>";
		};
		6003F5B6195388D20070C39A /* Supporting Files */ = {
			isa = PBXGroup;
			children = (
				6003F5B7195388D20070C39A /* Tests-Info.plist */,
				6003F5B8195388D20070C39A /* InfoPlist.strings */,
				606FC2411953D9B200FFA9A0 /* Tests-Prefix.pch */,
			);
			name = "Supporting Files";
			sourceTree = "<group>";
		};
		60FF7A9C1954A5C5007DD14C /* Podspec Metadata */ = {
			isa = PBXGroup;
			children = (
				F4DC08B04A13457D8409F9B4 /* TUSKit.podspec */,
				2198F7C3EFA4406DB60E9FD0 /* README.md */,
				B154447F00BA422485024C03 /* LICENSE */,
			);
			name = "Podspec Metadata";
			sourceTree = "<group>";
		};
/* End PBXGroup section */

/* Begin PBXNativeTarget section */
		28C00B031ECD79F600430748 /* TUSKit_MacOS_Example */ = {
			isa = PBXNativeTarget;
			buildConfigurationList = 28C00B311ECD79F600430748 /* Build configuration list for PBXNativeTarget "TUSKit_MacOS_Example" */;
			buildPhases = (
				156793661E95BA435822EAEB /* [CP] Check Pods Manifest.lock */,
				28C00B001ECD79F600430748 /* Sources */,
				28C00B011ECD79F600430748 /* Frameworks */,
				28C00B021ECD79F600430748 /* Resources */,
			);
			buildRules = (
			);
			dependencies = (
			);
			name = TUSKit_MacOS_Example;
			productName = "TUSKit MacOS Example";
			productReference = 28C00B041ECD79F600430748 /* TUSKit_MacOS_Example.app */;
			productType = "com.apple.product-type.application";
		};
		28C00B181ECD79F600430748 /* TUSKit MacOS ExampleTests */ = {
			isa = PBXNativeTarget;
			buildConfigurationList = 28C00B321ECD79F600430748 /* Build configuration list for PBXNativeTarget "TUSKit MacOS ExampleTests" */;
			buildPhases = (
				28C00B151ECD79F600430748 /* Sources */,
				28C00B161ECD79F600430748 /* Frameworks */,
				28C00B171ECD79F600430748 /* Resources */,
			);
			buildRules = (
			);
			dependencies = (
				28C00B1B1ECD79F600430748 /* PBXTargetDependency */,
			);
			name = "TUSKit MacOS ExampleTests";
			productName = "TUSKit MacOS ExampleTests";
			productReference = 28C00B191ECD79F600430748 /* TUSKit MacOS ExampleTests.xctest */;
			productType = "com.apple.product-type.bundle.unit-test";
		};
		28C00B231ECD79F600430748 /* TUSKit MacOS ExampleUITests */ = {
			isa = PBXNativeTarget;
			buildConfigurationList = 28C00B331ECD79F600430748 /* Build configuration list for PBXNativeTarget "TUSKit MacOS ExampleUITests" */;
			buildPhases = (
				28C00B201ECD79F600430748 /* Sources */,
				28C00B211ECD79F600430748 /* Frameworks */,
				28C00B221ECD79F600430748 /* Resources */,
			);
			buildRules = (
			);
			dependencies = (
				28C00B261ECD79F600430748 /* PBXTargetDependency */,
			);
			name = "TUSKit MacOS ExampleUITests";
			productName = "TUSKit MacOS ExampleUITests";
			productReference = 28C00B241ECD79F600430748 /* TUSKit MacOS ExampleUITests.xctest */;
			productType = "com.apple.product-type.bundle.ui-testing";
		};
		6003F589195388D20070C39A /* TUSKit */ = {
			isa = PBXNativeTarget;
			buildConfigurationList = 6003F5BF195388D20070C39A /* Build configuration list for PBXNativeTarget "TUSKit" */;
			buildPhases = (
				DB0D5A03BA12C8E5F1B6AEAD /* [CP] Check Pods Manifest.lock */,
				6003F586195388D20070C39A /* Sources */,
				6003F587195388D20070C39A /* Frameworks */,
				6003F588195388D20070C39A /* Resources */,
			);
			buildRules = (
			);
			dependencies = (
			);
			name = TUSKit;
			productName = TUSKit;
			productReference = 6003F58A195388D20070C39A /* TUSKit.app */;
			productType = "com.apple.product-type.application";
		};
		6003F5AD195388D20070C39A /* Tests */ = {
			isa = PBXNativeTarget;
			buildConfigurationList = 6003F5C2195388D20070C39A /* Build configuration list for PBXNativeTarget "Tests" */;
			buildPhases = (
				84022079743DAE094D266266 /* [CP] Check Pods Manifest.lock */,
				6003F5AA195388D20070C39A /* Sources */,
				6003F5AB195388D20070C39A /* Frameworks */,
				6003F5AC195388D20070C39A /* Resources */,
			);
			buildRules = (
			);
			dependencies = (
				6003F5B4195388D20070C39A /* PBXTargetDependency */,
			);
			name = Tests;
			productName = TUSKitTests;
			productReference = 6003F5AE195388D20070C39A /* Tests.xctest */;
			productType = "com.apple.product-type.bundle.unit-test";
		};
/* End PBXNativeTarget section */

/* Begin PBXProject section */
		6003F582195388D10070C39A /* Project object */ = {
			isa = PBXProject;
			attributes = {
				CLASSPREFIX = TK;
				LastUpgradeCheck = 0920;
				ORGANIZATIONNAME = "Michael Avila";
				TargetAttributes = {
					28C00B031ECD79F600430748 = {
						CreatedOnToolsVersion = 8.3.2;
						DevelopmentTeam = W4KHXBA29T;
						ProvisioningStyle = Automatic;
					};
					28C00B181ECD79F600430748 = {
						CreatedOnToolsVersion = 8.3.2;
						DevelopmentTeam = MPKS94G26Q;
						ProvisioningStyle = Automatic;
						TestTargetID = 28C00B031ECD79F600430748;
					};
					28C00B231ECD79F600430748 = {
						CreatedOnToolsVersion = 8.3.2;
						DevelopmentTeam = MPKS94G26Q;
						ProvisioningStyle = Automatic;
						TestTargetID = 28C00B031ECD79F600430748;
					};
					6003F589195388D20070C39A = {
						DevelopmentTeam = W4KHXBA29T;
					};
					6003F5AD195388D20070C39A = {
						TestTargetID = 6003F589195388D20070C39A;
					};
				};
			};
			buildConfigurationList = 6003F585195388D10070C39A /* Build configuration list for PBXProject "TUSKit" */;
			compatibilityVersion = "Xcode 3.2";
			developmentRegion = English;
			hasScannedForEncodings = 0;
			knownRegions = (
				en,
				Base,
			);
			mainGroup = 6003F581195388D10070C39A;
			productRefGroup = 6003F58B195388D20070C39A /* Products */;
			projectDirPath = "";
			projectRoot = "";
			targets = (
				6003F589195388D20070C39A /* TUSKit */,
				6003F5AD195388D20070C39A /* Tests */,
				28C00B031ECD79F600430748 /* TUSKit_MacOS_Example */,
				28C00B181ECD79F600430748 /* TUSKit MacOS ExampleTests */,
				28C00B231ECD79F600430748 /* TUSKit MacOS ExampleUITests */,
			);
		};
/* End PBXProject section */

/* Begin PBXResourcesBuildPhase section */
		28C00B021ECD79F600430748 /* Resources */ = {
			isa = PBXResourcesBuildPhase;
			buildActionMask = 2147483647;
			files = (
				28C00B101ECD79F600430748 /* Assets.xcassets in Resources */,
				28C00B131ECD79F600430748 /* Main.storyboard in Resources */,
			);
			runOnlyForDeploymentPostprocessing = 0;
		};
		28C00B171ECD79F600430748 /* Resources */ = {
			isa = PBXResourcesBuildPhase;
			buildActionMask = 2147483647;
			files = (
			);
			runOnlyForDeploymentPostprocessing = 0;
		};
		28C00B221ECD79F600430748 /* Resources */ = {
			isa = PBXResourcesBuildPhase;
			buildActionMask = 2147483647;
			files = (
			);
			runOnlyForDeploymentPostprocessing = 0;
		};
		6003F588195388D20070C39A /* Resources */ = {
			isa = PBXResourcesBuildPhase;
			buildActionMask = 2147483647;
			files = (
				6003F5A4195388D20070C39A /* Main_iPad.storyboard in Resources */,
				6003F5A9195388D20070C39A /* Images.xcassets in Resources */,
				6003F5A1195388D20070C39A /* Main_iPhone.storyboard in Resources */,
				7B94C563221576FE001E077E /* Launch Screen.storyboard in Resources */,
				6003F598195388D20070C39A /* InfoPlist.strings in Resources */,
			);
			runOnlyForDeploymentPostprocessing = 0;
		};
		6003F5AC195388D20070C39A /* Resources */ = {
			isa = PBXResourcesBuildPhase;
			buildActionMask = 2147483647;
			files = (
				6003F5BA195388D20070C39A /* InfoPlist.strings in Resources */,
			);
			runOnlyForDeploymentPostprocessing = 0;
		};
/* End PBXResourcesBuildPhase section */

/* Begin PBXShellScriptBuildPhase section */
		156793661E95BA435822EAEB /* [CP] Check Pods Manifest.lock */ = {
			isa = PBXShellScriptBuildPhase;
			buildActionMask = 2147483647;
			files = (
			);
			inputPaths = (
				"${PODS_PODFILE_DIR_PATH}/Podfile.lock",
				"${PODS_ROOT}/Manifest.lock",
			);
			name = "[CP] Check Pods Manifest.lock";
			outputPaths = (
				"$(DERIVED_FILE_DIR)/Pods-TUSKit_MacOS_Example-checkManifestLockResult.txt",
			);
			runOnlyForDeploymentPostprocessing = 0;
			shellPath = /bin/sh;
			shellScript = "diff \"${PODS_PODFILE_DIR_PATH}/Podfile.lock\" \"${PODS_ROOT}/Manifest.lock\" > /dev/null\nif [ $? != 0 ] ; then\n    # print error to STDERR\n    echo \"error: The sandbox is not in sync with the Podfile.lock. Run 'pod install' or update your CocoaPods installation.\" >&2\n    exit 1\nfi\n# This output is used by Xcode 'outputs' to avoid re-running this script phase.\necho \"SUCCESS\" > \"${SCRIPT_OUTPUT_FILE_0}\"\n";
			showEnvVarsInLog = 0;
		};
		84022079743DAE094D266266 /* [CP] Check Pods Manifest.lock */ = {
			isa = PBXShellScriptBuildPhase;
			buildActionMask = 2147483647;
			files = (
			);
			inputPaths = (
				"${PODS_PODFILE_DIR_PATH}/Podfile.lock",
				"${PODS_ROOT}/Manifest.lock",
			);
			name = "[CP] Check Pods Manifest.lock";
			outputPaths = (
				"$(DERIVED_FILE_DIR)/Pods-Tests-checkManifestLockResult.txt",
			);
			runOnlyForDeploymentPostprocessing = 0;
			shellPath = /bin/sh;
			shellScript = "diff \"${PODS_PODFILE_DIR_PATH}/Podfile.lock\" \"${PODS_ROOT}/Manifest.lock\" > /dev/null\nif [ $? != 0 ] ; then\n    # print error to STDERR\n    echo \"error: The sandbox is not in sync with the Podfile.lock. Run 'pod install' or update your CocoaPods installation.\" >&2\n    exit 1\nfi\n# This output is used by Xcode 'outputs' to avoid re-running this script phase.\necho \"SUCCESS\" > \"${SCRIPT_OUTPUT_FILE_0}\"\n";
			showEnvVarsInLog = 0;
		};
		DB0D5A03BA12C8E5F1B6AEAD /* [CP] Check Pods Manifest.lock */ = {
			isa = PBXShellScriptBuildPhase;
			buildActionMask = 2147483647;
			files = (
			);
			inputPaths = (
				"${PODS_PODFILE_DIR_PATH}/Podfile.lock",
				"${PODS_ROOT}/Manifest.lock",
			);
			name = "[CP] Check Pods Manifest.lock";
			outputPaths = (
				"$(DERIVED_FILE_DIR)/Pods-TUSKit-checkManifestLockResult.txt",
			);
			runOnlyForDeploymentPostprocessing = 0;
			shellPath = /bin/sh;
			shellScript = "diff \"${PODS_PODFILE_DIR_PATH}/Podfile.lock\" \"${PODS_ROOT}/Manifest.lock\" > /dev/null\nif [ $? != 0 ] ; then\n    # print error to STDERR\n    echo \"error: The sandbox is not in sync with the Podfile.lock. Run 'pod install' or update your CocoaPods installation.\" >&2\n    exit 1\nfi\n# This output is used by Xcode 'outputs' to avoid re-running this script phase.\necho \"SUCCESS\" > \"${SCRIPT_OUTPUT_FILE_0}\"\n";
			showEnvVarsInLog = 0;
		};
/* End PBXShellScriptBuildPhase section */

/* Begin PBXSourcesBuildPhase section */
		28C00B001ECD79F600430748 /* Sources */ = {
			isa = PBXSourcesBuildPhase;
			buildActionMask = 2147483647;
			files = (
				28C00B0E1ECD79F600430748 /* ViewController.m in Sources */,
				28C00B0B1ECD79F600430748 /* main.m in Sources */,
				28C00B081ECD79F600430748 /* AppDelegate.m in Sources */,
			);
			runOnlyForDeploymentPostprocessing = 0;
		};
		28C00B151ECD79F600430748 /* Sources */ = {
			isa = PBXSourcesBuildPhase;
			buildActionMask = 2147483647;
			files = (
				28C00B1E1ECD79F600430748 /* TUSKit_MacOS_ExampleTests.m in Sources */,
			);
			runOnlyForDeploymentPostprocessing = 0;
		};
		28C00B201ECD79F600430748 /* Sources */ = {
			isa = PBXSourcesBuildPhase;
			buildActionMask = 2147483647;
			files = (
				28C00B291ECD79F600430748 /* TUSKit_MacOS_ExampleUITests.m in Sources */,
			);
			runOnlyForDeploymentPostprocessing = 0;
		};
		6003F586195388D20070C39A /* Sources */ = {
			isa = PBXSourcesBuildPhase;
			buildActionMask = 2147483647;
			files = (
				6003F59E195388D20070C39A /* TKAppDelegate.m in Sources */,
				6003F5A7195388D20070C39A /* TKViewController.m in Sources */,
				6003F59A195388D20070C39A /* main.m in Sources */,
			);
			runOnlyForDeploymentPostprocessing = 0;
		};
		6003F5AA195388D20070C39A /* Sources */ = {
			isa = PBXSourcesBuildPhase;
			buildActionMask = 2147483647;
			files = (
				6003F5BC195388D20070C39A /* Tests.m in Sources */,
			);
			runOnlyForDeploymentPostprocessing = 0;
		};
/* End PBXSourcesBuildPhase section */

/* Begin PBXTargetDependency section */
		28C00B1B1ECD79F600430748 /* PBXTargetDependency */ = {
			isa = PBXTargetDependency;
			target = 28C00B031ECD79F600430748 /* TUSKit_MacOS_Example */;
			targetProxy = 28C00B1A1ECD79F600430748 /* PBXContainerItemProxy */;
		};
		28C00B261ECD79F600430748 /* PBXTargetDependency */ = {
			isa = PBXTargetDependency;
			target = 28C00B031ECD79F600430748 /* TUSKit_MacOS_Example */;
			targetProxy = 28C00B251ECD79F600430748 /* PBXContainerItemProxy */;
		};
		6003F5B4195388D20070C39A /* PBXTargetDependency */ = {
			isa = PBXTargetDependency;
			target = 6003F589195388D20070C39A /* TUSKit */;
			targetProxy = 6003F5B3195388D20070C39A /* PBXContainerItemProxy */;
		};
/* End PBXTargetDependency section */

/* Begin PBXVariantGroup section */
		28C00B111ECD79F600430748 /* Main.storyboard */ = {
			isa = PBXVariantGroup;
			children = (
				28C00B121ECD79F600430748 /* Base */,
			);
			name = Main.storyboard;
			sourceTree = "<group>";
		};
		6003F596195388D20070C39A /* InfoPlist.strings */ = {
			isa = PBXVariantGroup;
			children = (
				6003F597195388D20070C39A /* en */,
			);
			name = InfoPlist.strings;
			sourceTree = "<group>";
		};
		6003F59F195388D20070C39A /* Main_iPhone.storyboard */ = {
			isa = PBXVariantGroup;
			children = (
				6003F5A0195388D20070C39A /* Base */,
			);
			name = Main_iPhone.storyboard;
			sourceTree = "<group>";
		};
		6003F5A2195388D20070C39A /* Main_iPad.storyboard */ = {
			isa = PBXVariantGroup;
			children = (
				6003F5A3195388D20070C39A /* Base */,
			);
			name = Main_iPad.storyboard;
			sourceTree = "<group>";
		};
		6003F5B8195388D20070C39A /* InfoPlist.strings */ = {
			isa = PBXVariantGroup;
			children = (
				6003F5B9195388D20070C39A /* en */,
			);
			name = InfoPlist.strings;
			sourceTree = "<group>";
		};
/* End PBXVariantGroup section */

/* Begin XCBuildConfiguration section */
		28C00B2B1ECD79F600430748 /* Debug */ = {
			isa = XCBuildConfiguration;
			baseConfigurationReference = FC5575320A03013A99909793 /* Pods-TUSKit_MacOS_Example.debug.xcconfig */;
			buildSettings = {
				ASSETCATALOG_COMPILER_APPICON_NAME = AppIcon;
				CLANG_ANALYZER_NONNULL = YES;
				CLANG_ANALYZER_NUMBER_OBJECT_CONVERSION = YES_AGGRESSIVE;
				CLANG_WARN_DOCUMENTATION_COMMENTS = YES;
				CLANG_WARN_INFINITE_RECURSION = YES;
				CLANG_WARN_SUSPICIOUS_MOVE = YES;
				CLANG_WARN_UNREACHABLE_CODE = YES;
				CODE_SIGN_IDENTITY = "Mac Developer";
				COMBINE_HIDPI_IMAGES = YES;
				DEBUG_INFORMATION_FORMAT = dwarf;
				DEVELOPMENT_TEAM = W4KHXBA29T;
				ENABLE_STRICT_OBJC_MSGSEND = YES;
				GCC_NO_COMMON_BLOCKS = YES;
				INFOPLIST_FILE = "TUSKit MacOS Example/Info.plist";
				LD_RUNPATH_SEARCH_PATHS = "$(inherited) @executable_path/../Frameworks";
				MACOSX_DEPLOYMENT_TARGET = 10.12;
				MTL_ENABLE_DEBUG_INFO = YES;
				PRODUCT_BUNDLE_IDENTIFIER = "com.transloadit.TUSKit-MacOS-Example";
				PRODUCT_NAME = "$(TARGET_NAME)";
				PROVISIONING_PROFILE_SPECIFIER = "";
				SDKROOT = macosx;
			};
			name = Debug;
		};
		28C00B2C1ECD79F600430748 /* Release */ = {
			isa = XCBuildConfiguration;
			baseConfigurationReference = 97BA7FEA7A277EE9173FC532 /* Pods-TUSKit_MacOS_Example.release.xcconfig */;
			buildSettings = {
				ASSETCATALOG_COMPILER_APPICON_NAME = AppIcon;
				CLANG_ANALYZER_NONNULL = YES;
				CLANG_ANALYZER_NUMBER_OBJECT_CONVERSION = YES_AGGRESSIVE;
				CLANG_WARN_DOCUMENTATION_COMMENTS = YES;
				CLANG_WARN_INFINITE_RECURSION = YES;
				CLANG_WARN_SUSPICIOUS_MOVE = YES;
				CLANG_WARN_UNREACHABLE_CODE = YES;
				CODE_SIGN_IDENTITY = "Mac Developer";
				COMBINE_HIDPI_IMAGES = YES;
				COPY_PHASE_STRIP = NO;
				DEBUG_INFORMATION_FORMAT = "dwarf-with-dsym";
				DEVELOPMENT_TEAM = W4KHXBA29T;
				ENABLE_STRICT_OBJC_MSGSEND = YES;
				GCC_NO_COMMON_BLOCKS = YES;
				INFOPLIST_FILE = "TUSKit MacOS Example/Info.plist";
				LD_RUNPATH_SEARCH_PATHS = "$(inherited) @executable_path/../Frameworks";
				MACOSX_DEPLOYMENT_TARGET = 10.12;
				MTL_ENABLE_DEBUG_INFO = NO;
				PRODUCT_BUNDLE_IDENTIFIER = "com.transloadit.TUSKit-MacOS-Example";
				PRODUCT_NAME = "$(TARGET_NAME)";
				PROVISIONING_PROFILE_SPECIFIER = "";
				SDKROOT = macosx;
			};
			name = Release;
		};
		28C00B2D1ECD79F600430748 /* Debug */ = {
			isa = XCBuildConfiguration;
			buildSettings = {
				BUNDLE_LOADER = "$(TEST_HOST)";
				CLANG_ANALYZER_NONNULL = YES;
				CLANG_ANALYZER_NUMBER_OBJECT_CONVERSION = YES_AGGRESSIVE;
				CLANG_WARN_DOCUMENTATION_COMMENTS = YES;
				CLANG_WARN_INFINITE_RECURSION = YES;
				CLANG_WARN_SUSPICIOUS_MOVE = YES;
				CLANG_WARN_UNREACHABLE_CODE = YES;
				CODE_SIGN_IDENTITY = "-";
				COMBINE_HIDPI_IMAGES = YES;
				DEBUG_INFORMATION_FORMAT = dwarf;
				DEVELOPMENT_TEAM = MPKS94G26Q;
				ENABLE_STRICT_OBJC_MSGSEND = YES;
				GCC_NO_COMMON_BLOCKS = YES;
				INFOPLIST_FILE = "TUSKit MacOS ExampleTests/Info.plist";
				LD_RUNPATH_SEARCH_PATHS = "$(inherited) @executable_path/../Frameworks @loader_path/../Frameworks";
				MACOSX_DEPLOYMENT_TARGET = 10.12;
				MTL_ENABLE_DEBUG_INFO = YES;
				PRODUCT_BUNDLE_IDENTIFIER = "io.masterson.TUSKit-MacOS-ExampleTests";
				PRODUCT_NAME = "$(TARGET_NAME)";
				SDKROOT = macosx;
				TEST_HOST = "$(BUILT_PRODUCTS_DIR)/TUSKit MacOS Example.app/Contents/MacOS/TUSKit MacOS Example";
			};
			name = Debug;
		};
		28C00B2E1ECD79F600430748 /* Release */ = {
			isa = XCBuildConfiguration;
			buildSettings = {
				BUNDLE_LOADER = "$(TEST_HOST)";
				CLANG_ANALYZER_NONNULL = YES;
				CLANG_ANALYZER_NUMBER_OBJECT_CONVERSION = YES_AGGRESSIVE;
				CLANG_WARN_DOCUMENTATION_COMMENTS = YES;
				CLANG_WARN_INFINITE_RECURSION = YES;
				CLANG_WARN_SUSPICIOUS_MOVE = YES;
				CLANG_WARN_UNREACHABLE_CODE = YES;
				CODE_SIGN_IDENTITY = "-";
				COMBINE_HIDPI_IMAGES = YES;
				COPY_PHASE_STRIP = NO;
				DEBUG_INFORMATION_FORMAT = "dwarf-with-dsym";
				DEVELOPMENT_TEAM = MPKS94G26Q;
				ENABLE_STRICT_OBJC_MSGSEND = YES;
				GCC_NO_COMMON_BLOCKS = YES;
				INFOPLIST_FILE = "TUSKit MacOS ExampleTests/Info.plist";
				LD_RUNPATH_SEARCH_PATHS = "$(inherited) @executable_path/../Frameworks @loader_path/../Frameworks";
				MACOSX_DEPLOYMENT_TARGET = 10.12;
				MTL_ENABLE_DEBUG_INFO = NO;
				PRODUCT_BUNDLE_IDENTIFIER = "io.masterson.TUSKit-MacOS-ExampleTests";
				PRODUCT_NAME = "$(TARGET_NAME)";
				SDKROOT = macosx;
				TEST_HOST = "$(BUILT_PRODUCTS_DIR)/TUSKit MacOS Example.app/Contents/MacOS/TUSKit MacOS Example";
			};
			name = Release;
		};
		28C00B2F1ECD79F600430748 /* Debug */ = {
			isa = XCBuildConfiguration;
			buildSettings = {
				CLANG_ANALYZER_NONNULL = YES;
				CLANG_ANALYZER_NUMBER_OBJECT_CONVERSION = YES_AGGRESSIVE;
				CLANG_WARN_DOCUMENTATION_COMMENTS = YES;
				CLANG_WARN_INFINITE_RECURSION = YES;
				CLANG_WARN_SUSPICIOUS_MOVE = YES;
				CLANG_WARN_UNREACHABLE_CODE = YES;
				CODE_SIGN_IDENTITY = "-";
				COMBINE_HIDPI_IMAGES = YES;
				DEBUG_INFORMATION_FORMAT = dwarf;
				DEVELOPMENT_TEAM = MPKS94G26Q;
				ENABLE_STRICT_OBJC_MSGSEND = YES;
				GCC_NO_COMMON_BLOCKS = YES;
				INFOPLIST_FILE = "TUSKit MacOS ExampleUITests/Info.plist";
				LD_RUNPATH_SEARCH_PATHS = "$(inherited) @executable_path/../Frameworks @loader_path/../Frameworks";
				MACOSX_DEPLOYMENT_TARGET = 10.12;
				MTL_ENABLE_DEBUG_INFO = YES;
				PRODUCT_BUNDLE_IDENTIFIER = "io.masterson.TUSKit-MacOS-ExampleUITests";
				PRODUCT_NAME = "$(TARGET_NAME)";
				SDKROOT = macosx;
				TEST_TARGET_NAME = "TUSKit MacOS Example";
			};
			name = Debug;
		};
		28C00B301ECD79F600430748 /* Release */ = {
			isa = XCBuildConfiguration;
			buildSettings = {
				CLANG_ANALYZER_NONNULL = YES;
				CLANG_ANALYZER_NUMBER_OBJECT_CONVERSION = YES_AGGRESSIVE;
				CLANG_WARN_DOCUMENTATION_COMMENTS = YES;
				CLANG_WARN_INFINITE_RECURSION = YES;
				CLANG_WARN_SUSPICIOUS_MOVE = YES;
				CLANG_WARN_UNREACHABLE_CODE = YES;
				CODE_SIGN_IDENTITY = "-";
				COMBINE_HIDPI_IMAGES = YES;
				COPY_PHASE_STRIP = NO;
				DEBUG_INFORMATION_FORMAT = "dwarf-with-dsym";
				DEVELOPMENT_TEAM = MPKS94G26Q;
				ENABLE_STRICT_OBJC_MSGSEND = YES;
				GCC_NO_COMMON_BLOCKS = YES;
				INFOPLIST_FILE = "TUSKit MacOS ExampleUITests/Info.plist";
				LD_RUNPATH_SEARCH_PATHS = "$(inherited) @executable_path/../Frameworks @loader_path/../Frameworks";
				MACOSX_DEPLOYMENT_TARGET = 10.12;
				MTL_ENABLE_DEBUG_INFO = NO;
				PRODUCT_BUNDLE_IDENTIFIER = "io.masterson.TUSKit-MacOS-ExampleUITests";
				PRODUCT_NAME = "$(TARGET_NAME)";
				SDKROOT = macosx;
				TEST_TARGET_NAME = "TUSKit MacOS Example";
			};
			name = Release;
		};
		6003F5BD195388D20070C39A /* Debug */ = {
			isa = XCBuildConfiguration;
			buildSettings = {
				ALWAYS_SEARCH_USER_PATHS = NO;
				CLANG_CXX_LANGUAGE_STANDARD = "gnu++0x";
				CLANG_CXX_LIBRARY = "libc++";
				CLANG_ENABLE_MODULES = YES;
				CLANG_ENABLE_OBJC_ARC = YES;
				CLANG_WARN_BLOCK_CAPTURE_AUTORELEASING = YES;
				CLANG_WARN_BOOL_CONVERSION = YES;
				CLANG_WARN_COMMA = YES;
				CLANG_WARN_CONSTANT_CONVERSION = YES;
				CLANG_WARN_DIRECT_OBJC_ISA_USAGE = YES_ERROR;
				CLANG_WARN_EMPTY_BODY = YES;
				CLANG_WARN_ENUM_CONVERSION = YES;
				CLANG_WARN_INFINITE_RECURSION = YES;
				CLANG_WARN_INT_CONVERSION = YES;
				CLANG_WARN_NON_LITERAL_NULL_CONVERSION = YES;
				CLANG_WARN_OBJC_LITERAL_CONVERSION = YES;
				CLANG_WARN_OBJC_ROOT_CLASS = YES_ERROR;
				CLANG_WARN_RANGE_LOOP_ANALYSIS = YES;
				CLANG_WARN_STRICT_PROTOTYPES = YES;
				CLANG_WARN_SUSPICIOUS_MOVE = YES;
				CLANG_WARN_UNREACHABLE_CODE = YES;
				CLANG_WARN__DUPLICATE_METHOD_MATCH = YES;
				"CODE_SIGN_IDENTITY[sdk=iphoneos*]" = "iPhone Developer";
				COPY_PHASE_STRIP = NO;
				ENABLE_STRICT_OBJC_MSGSEND = YES;
				ENABLE_TESTABILITY = YES;
				GCC_C_LANGUAGE_STANDARD = gnu99;
				GCC_DYNAMIC_NO_PIC = NO;
				GCC_NO_COMMON_BLOCKS = YES;
				GCC_OPTIMIZATION_LEVEL = 0;
				GCC_PREPROCESSOR_DEFINITIONS = (
					"DEBUG=1",
					"$(inherited)",
				);
				GCC_SYMBOLS_PRIVATE_EXTERN = NO;
				GCC_WARN_64_TO_32_BIT_CONVERSION = YES;
				GCC_WARN_ABOUT_RETURN_TYPE = YES_ERROR;
				GCC_WARN_UNDECLARED_SELECTOR = YES;
				GCC_WARN_UNINITIALIZED_AUTOS = YES_AGGRESSIVE;
				GCC_WARN_UNUSED_FUNCTION = YES;
				GCC_WARN_UNUSED_VARIABLE = YES;
				IPHONEOS_DEPLOYMENT_TARGET = 9.0;
				ONLY_ACTIVE_ARCH = YES;
				SDKROOT = iphoneos;
				TARGETED_DEVICE_FAMILY = "1,2";
			};
			name = Debug;
		};
		6003F5BE195388D20070C39A /* Release */ = {
			isa = XCBuildConfiguration;
			buildSettings = {
				ALWAYS_SEARCH_USER_PATHS = NO;
				CLANG_CXX_LANGUAGE_STANDARD = "gnu++0x";
				CLANG_CXX_LIBRARY = "libc++";
				CLANG_ENABLE_MODULES = YES;
				CLANG_ENABLE_OBJC_ARC = YES;
				CLANG_WARN_BLOCK_CAPTURE_AUTORELEASING = YES;
				CLANG_WARN_BOOL_CONVERSION = YES;
				CLANG_WARN_COMMA = YES;
				CLANG_WARN_CONSTANT_CONVERSION = YES;
				CLANG_WARN_DIRECT_OBJC_ISA_USAGE = YES_ERROR;
				CLANG_WARN_EMPTY_BODY = YES;
				CLANG_WARN_ENUM_CONVERSION = YES;
				CLANG_WARN_INFINITE_RECURSION = YES;
				CLANG_WARN_INT_CONVERSION = YES;
				CLANG_WARN_NON_LITERAL_NULL_CONVERSION = YES;
				CLANG_WARN_OBJC_LITERAL_CONVERSION = YES;
				CLANG_WARN_OBJC_ROOT_CLASS = YES_ERROR;
				CLANG_WARN_RANGE_LOOP_ANALYSIS = YES;
				CLANG_WARN_STRICT_PROTOTYPES = YES;
				CLANG_WARN_SUSPICIOUS_MOVE = YES;
				CLANG_WARN_UNREACHABLE_CODE = YES;
				CLANG_WARN__DUPLICATE_METHOD_MATCH = YES;
				"CODE_SIGN_IDENTITY[sdk=iphoneos*]" = "iPhone Developer";
				COPY_PHASE_STRIP = YES;
				ENABLE_NS_ASSERTIONS = NO;
				ENABLE_STRICT_OBJC_MSGSEND = YES;
				GCC_C_LANGUAGE_STANDARD = gnu99;
				GCC_NO_COMMON_BLOCKS = YES;
				GCC_WARN_64_TO_32_BIT_CONVERSION = YES;
				GCC_WARN_ABOUT_RETURN_TYPE = YES_ERROR;
				GCC_WARN_UNDECLARED_SELECTOR = YES;
				GCC_WARN_UNINITIALIZED_AUTOS = YES_AGGRESSIVE;
				GCC_WARN_UNUSED_FUNCTION = YES;
				GCC_WARN_UNUSED_VARIABLE = YES;
				IPHONEOS_DEPLOYMENT_TARGET = 9.0;
				SDKROOT = iphoneos;
				TARGETED_DEVICE_FAMILY = "1,2";
				VALIDATE_PRODUCT = YES;
			};
			name = Release;
		};
		6003F5C0195388D20070C39A /* Debug */ = {
			isa = XCBuildConfiguration;
			baseConfigurationReference = 46DA0321A6FC07F5A14B3946 /* Pods-TUSKit.debug.xcconfig */;
			buildSettings = {
				ASSETCATALOG_COMPILER_APPICON_NAME = AppIcon;
				ASSETCATALOG_COMPILER_LAUNCHIMAGE_NAME = LaunchImage;
				DEVELOPMENT_TEAM = W4KHXBA29T;
				GCC_PRECOMPILE_PREFIX_HEADER = YES;
				GCC_PREFIX_HEADER = "TUSKit/TUSKit-Prefix.pch";
				INFOPLIST_FILE = "TUSKit/TUSKit-Info.plist";
				PRODUCT_BUNDLE_IDENTIFIER = "org.cocoapods.demo.${PRODUCT_NAME:rfc1034identifier}";
				PRODUCT_NAME = "$(TARGET_NAME)";
				WRAPPER_EXTENSION = app;
			};
			name = Debug;
		};
		6003F5C1195388D20070C39A /* Release */ = {
			isa = XCBuildConfiguration;
			baseConfigurationReference = E4D528B07F809226971E7E48 /* Pods-TUSKit.release.xcconfig */;
			buildSettings = {
				ASSETCATALOG_COMPILER_APPICON_NAME = AppIcon;
				ASSETCATALOG_COMPILER_LAUNCHIMAGE_NAME = LaunchImage;
				DEVELOPMENT_TEAM = W4KHXBA29T;
				GCC_PRECOMPILE_PREFIX_HEADER = YES;
				GCC_PREFIX_HEADER = "TUSKit/TUSKit-Prefix.pch";
				INFOPLIST_FILE = "TUSKit/TUSKit-Info.plist";
				PRODUCT_BUNDLE_IDENTIFIER = "org.cocoapods.demo.${PRODUCT_NAME:rfc1034identifier}";
				PRODUCT_NAME = "$(TARGET_NAME)";
				WRAPPER_EXTENSION = app;
			};
			name = Release;
		};
		6003F5C3195388D20070C39A /* Debug */ = {
			isa = XCBuildConfiguration;
			baseConfigurationReference = 544ABCA6686C6597A4CA55C6 /* Pods-Tests.debug.xcconfig */;
			buildSettings = {
				BUNDLE_LOADER = "$(BUILT_PRODUCTS_DIR)/TUSKit.app/TUSKit";
				FRAMEWORK_SEARCH_PATHS = (
					"$(SDKROOT)/Developer/Library/Frameworks",
					"$(inherited)",
					"$(DEVELOPER_FRAMEWORKS_DIR)",
				);
				GCC_PRECOMPILE_PREFIX_HEADER = YES;
				GCC_PREFIX_HEADER = "Tests/Tests-Prefix.pch";
				GCC_PREPROCESSOR_DEFINITIONS = (
					"DEBUG=1",
					"$(inherited)",
				);
				INFOPLIST_FILE = "Tests/Tests-Info.plist";
				PRODUCT_BUNDLE_IDENTIFIER = "org.cocoapods.demo.${PRODUCT_NAME:rfc1034identifier}";
				PRODUCT_NAME = "$(TARGET_NAME)";
				TEST_HOST = "$(BUNDLE_LOADER)";
				WRAPPER_EXTENSION = xctest;
			};
			name = Debug;
		};
		6003F5C4195388D20070C39A /* Release */ = {
			isa = XCBuildConfiguration;
			baseConfigurationReference = B156087D9854F9F535819A05 /* Pods-Tests.release.xcconfig */;
			buildSettings = {
				BUNDLE_LOADER = "$(BUILT_PRODUCTS_DIR)/TUSKit.app/TUSKit";
				FRAMEWORK_SEARCH_PATHS = (
					"$(SDKROOT)/Developer/Library/Frameworks",
					"$(inherited)",
					"$(DEVELOPER_FRAMEWORKS_DIR)",
				);
				GCC_PRECOMPILE_PREFIX_HEADER = YES;
				GCC_PREFIX_HEADER = "Tests/Tests-Prefix.pch";
				INFOPLIST_FILE = "Tests/Tests-Info.plist";
				PRODUCT_BUNDLE_IDENTIFIER = "org.cocoapods.demo.${PRODUCT_NAME:rfc1034identifier}";
				PRODUCT_NAME = "$(TARGET_NAME)";
				TEST_HOST = "$(BUNDLE_LOADER)";
				WRAPPER_EXTENSION = xctest;
			};
			name = Release;
		};
/* End XCBuildConfiguration section */

/* Begin XCConfigurationList section */
		28C00B311ECD79F600430748 /* Build configuration list for PBXNativeTarget "TUSKit_MacOS_Example" */ = {
			isa = XCConfigurationList;
			buildConfigurations = (
				28C00B2B1ECD79F600430748 /* Debug */,
				28C00B2C1ECD79F600430748 /* Release */,
			);
			defaultConfigurationIsVisible = 0;
			defaultConfigurationName = Release;
		};
		28C00B321ECD79F600430748 /* Build configuration list for PBXNativeTarget "TUSKit MacOS ExampleTests" */ = {
			isa = XCConfigurationList;
			buildConfigurations = (
				28C00B2D1ECD79F600430748 /* Debug */,
				28C00B2E1ECD79F600430748 /* Release */,
			);
			defaultConfigurationIsVisible = 0;
			defaultConfigurationName = Release;
		};
		28C00B331ECD79F600430748 /* Build configuration list for PBXNativeTarget "TUSKit MacOS ExampleUITests" */ = {
			isa = XCConfigurationList;
			buildConfigurations = (
				28C00B2F1ECD79F600430748 /* Debug */,
				28C00B301ECD79F600430748 /* Release */,
			);
			defaultConfigurationIsVisible = 0;
			defaultConfigurationName = Release;
		};
		6003F585195388D10070C39A /* Build configuration list for PBXProject "TUSKit" */ = {
			isa = XCConfigurationList;
			buildConfigurations = (
				6003F5BD195388D20070C39A /* Debug */,
				6003F5BE195388D20070C39A /* Release */,
			);
			defaultConfigurationIsVisible = 0;
			defaultConfigurationName = Release;
		};
		6003F5BF195388D20070C39A /* Build configuration list for PBXNativeTarget "TUSKit" */ = {
			isa = XCConfigurationList;
			buildConfigurations = (
				6003F5C0195388D20070C39A /* Debug */,
				6003F5C1195388D20070C39A /* Release */,
			);
			defaultConfigurationIsVisible = 0;
			defaultConfigurationName = Release;
		};
		6003F5C2195388D20070C39A /* Build configuration list for PBXNativeTarget "Tests" */ = {
			isa = XCConfigurationList;
			buildConfigurations = (
				6003F5C3195388D20070C39A /* Debug */,
				6003F5C4195388D20070C39A /* Release */,
			);
			defaultConfigurationIsVisible = 0;
			defaultConfigurationName = Release;
		};
/* End XCConfigurationList section */
	};
	rootObject = 6003F582195388D10070C39A /* Project object */;
}
