PODS:
  - Expecta (0.3.1)
  - Specta (0.2.1)
  - TUSKit (1.1.0)

DEPENDENCIES:
  - Expecta
  - Specta (~> 0.2.1)
  - TUSKit (from `../`)

EXTERNAL SOURCES:
  TUSKit:
    :path: ../

SPEC CHECKSUMS:
  Expecta: a354d4633409dd9fe8c4f5ff5130426adbe31628
  Specta: 15a276a6343867b426d5ed135d5aa4d04123a573
  TUSKit: eed3f9fcde9d59ed60543de0225d72fa2ae54be8

COCOAPODS: 0.39.0
